
Microsoft Visual Studio Solution File, Format Version 12.00
# Visual Studio Version 17
VisualStudioVersion = 17.4.33110.190
MinimumVisualStudioVersion = 10.0.40219.1
Project("{FAE04EC0-301F-11D3-BF4B-00C04F79EFBC}") = "BotAPI", "BotAPI\BotAPI.csproj", "{52695D1B-50A6-44F4-AC9E-29C39E320FB1}"
EndProject
Project("{9A19103F-16F7-4668-BE54-9A1E7A4F7556}") = "Domain", "Domain\Domain.csproj", "{2461CEC2-0E16-41AE-9E1B-3BFA0719910C}"
EndProject
Global
	GlobalSection(SolutionConfigurationPlatforms) = preSolution
		Debug|Any CPU = Debug|Any CPU
		Release|Any CPU = Release|Any CPU
	EndGlobalSection
	GlobalSection(ProjectConfigurationPlatforms) = postSolution
		{52695D1B-50A6-44F4-AC9E-29C39E320FB1}.Debug|Any CPU.ActiveCfg = Debug|Any CPU
		{52695D1B-50A6-44F4-AC9E-29C39E320FB1}.Debug|Any CPU.Build.0 = Debug|Any CPU
		{52695D1B-50A6-44F4-AC9E-29C39E320FB1}.Release|Any CPU.ActiveCfg = Release|Any CPU
		{52695D1B-50A6-44F4-AC9E-29C39E320FB1}.Release|Any CPU.Build.0 = Release|Any CPU
		{2461CEC2-0E16-41AE-9E1B-3BFA0719910C}.Debug|Any CPU.ActiveCfg = Debug|Any CPU
		{2461CEC2-0E16-41AE-9E1B-3BFA0719910C}.Debug|Any CPU.Build.0 = Debug|Any CPU
		{2461CEC2-0E16-41AE-9E1B-3BFA0719910C}.Release|Any CPU.ActiveCfg = Release|Any CPU
		{2461CEC2-0E16-41AE-9E1B-3BFA0719910C}.Release|Any CPU.Build.0 = Release|Any CPU
	EndGlobalSection
	GlobalSection(SolutionProperties) = preSolution
		HideSolutionNode = FALSE
	EndGlobalSection
	GlobalSection(ExtensibilityGlobals) = postSolution
		SolutionGuid = {ACE9D0F3-E984-449E-956B-CFD4E661FD85}
	EndGlobalSection
EndGlobal
